
Microsoft Visual Studio Solution File, Format Version 12.00
# Visual Studio 15
VisualStudioVersion = 15.0.26127.0
MinimumVisualStudioVersion = 10.0.40219.1
Project("{D954291E-2A0B-460D-934E-DC6B0785DB48}") = "GSharp", "GSharp\GSharp.shproj", "{0F1737C4-AF88-416B-85BB-02EE991D0434}"
EndProject
Project("{FAE04EC0-301F-11D3-BF4B-00C04F79EFBC}") = "dotnet", "dotnet\dotnet.csproj", "{A10EB464-C164-4824-8BB9-959095BA2EBE}"
EndProject
Project("{FAE04EC0-301F-11D3-BF4B-00C04F79EFBC}") = "LuaLibraryGenerator", "LuaLibraryGenerator\LuaLibraryGenerator.csproj", "{EE900193-9558-482B-B4C0-7FC67A22A953}"
EndProject
Project("{2150E333-8FDC-42A3-9474-1A3956D46DE8}") = "Solution Items", "Solution Items", "{2A40DB69-DC41-4006-9C7D-557AD8D7064E}"
	ProjectSection(SolutionItems) = preProject
		Rebracer.xml = Rebracer.xml
	EndProjectSection
EndProject
Project("{FAE04EC0-301F-11D3-BF4B-00C04F79EFBC}") = "gm_redis", "gm_redis\gm_redis.csproj", "{5037C8C6-6F2A-4D5E-B7AE-93826C6A436A}"
EndProject
Project("{FAE04EC0-301F-11D3-BF4B-00C04F79EFBC}") = "gm_csluaview", "gm_csluaview\gm_csluaview.csproj", "{7C6221C9-E425-45D6-ADC7-DE3892D18DF8}"
EndProject
Project("{8BC9CEB8-8B4A-11D0-8D11-00A0C91BC942}") = "cpp_sandbox", "cpp_sandbox\cpp_sandbox.vcxproj", "{3403F7DA-3C40-499E-9169-E35EA867BAB6}"
EndProject
Project("{FAE04EC0-301F-11D3-BF4B-00C04F79EFBC}") = "gmsv_query", "gmsv_query\gmsv_query.csproj", "{FD2CABA6-5CF5-4102-B3A0-9098E79163AC}"
EndProject
Global
	GlobalSection(SharedMSBuildProjectFiles) = preSolution
		GSharp\GSharp.projitems*{0f1737c4-af88-416b-85bb-02ee991d0434}*SharedItemsImports = 13
		GSharp\GSharp.projitems*{5037c8c6-6f2a-4d5e-b7ae-93826c6a436a}*SharedItemsImports = 4
		GSharp\GSharp.projitems*{7c6221c9-e425-45d6-adc7-de3892d18df8}*SharedItemsImports = 4
		GSharp\GSharp.projitems*{a10eb464-c164-4824-8bb9-959095ba2ebe}*SharedItemsImports = 4
		GSharp\GSharp.projitems*{ee900193-9558-482b-b4c0-7fc67a22a953}*SharedItemsImports = 4
		GSharp\GSharp.projitems*{fd2caba6-5cf5-4102-b3a0-9098e79163ac}*SharedItemsImports = 4
	EndGlobalSection
	GlobalSection(SolutionConfigurationPlatforms) = preSolution
		Debug|Any CPU = Debug|Any CPU
		Debug|x86 = Debug|x86
		Release|Any CPU = Release|Any CPU
		Release|x86 = Release|x86
	EndGlobalSection
	GlobalSection(ProjectConfigurationPlatforms) = postSolution
		{A10EB464-C164-4824-8BB9-959095BA2EBE}.Debug|Any CPU.ActiveCfg = Debug|x86
		{A10EB464-C164-4824-8BB9-959095BA2EBE}.Debug|x86.ActiveCfg = Debug|x86
		{A10EB464-C164-4824-8BB9-959095BA2EBE}.Debug|x86.Build.0 = Debug|x86
		{A10EB464-C164-4824-8BB9-959095BA2EBE}.Release|Any CPU.ActiveCfg = Release|x86
		{A10EB464-C164-4824-8BB9-959095BA2EBE}.Release|x86.ActiveCfg = Release|x86
		{A10EB464-C164-4824-8BB9-959095BA2EBE}.Release|x86.Build.0 = Release|x86
		{EE900193-9558-482B-B4C0-7FC67A22A953}.Debug|Any CPU.ActiveCfg = Debug|x86
		{EE900193-9558-482B-B4C0-7FC67A22A953}.Debug|x86.ActiveCfg = Debug|x86
		{EE900193-9558-482B-B4C0-7FC67A22A953}.Debug|x86.Build.0 = Debug|x86
		{EE900193-9558-482B-B4C0-7FC67A22A953}.Release|Any CPU.ActiveCfg = Release|x86
		{EE900193-9558-482B-B4C0-7FC67A22A953}.Release|x86.ActiveCfg = Release|x86
		{EE900193-9558-482B-B4C0-7FC67A22A953}.Release|x86.Build.0 = Release|x86
		{5037C8C6-6F2A-4D5E-B7AE-93826C6A436A}.Debug|Any CPU.ActiveCfg = Debug|x86
		{5037C8C6-6F2A-4D5E-B7AE-93826C6A436A}.Debug|x86.ActiveCfg = Debug|x86
		{5037C8C6-6F2A-4D5E-B7AE-93826C6A436A}.Debug|x86.Build.0 = Debug|x86
		{5037C8C6-6F2A-4D5E-B7AE-93826C6A436A}.Release|Any CPU.ActiveCfg = Release|x86
		{5037C8C6-6F2A-4D5E-B7AE-93826C6A436A}.Release|x86.ActiveCfg = Release|x86
		{5037C8C6-6F2A-4D5E-B7AE-93826C6A436A}.Release|x86.Build.0 = Release|x86
		{7C6221C9-E425-45D6-ADC7-DE3892D18DF8}.Debug|Any CPU.ActiveCfg = Debug|Any CPU
		{7C6221C9-E425-45D6-ADC7-DE3892D18DF8}.Debug|Any CPU.Build.0 = Debug|Any CPU
		{7C6221C9-E425-45D6-ADC7-DE3892D18DF8}.Debug|x86.ActiveCfg = Debug|Any CPU
		{7C6221C9-E425-45D6-ADC7-DE3892D18DF8}.Debug|x86.Build.0 = Debug|Any CPU
		{7C6221C9-E425-45D6-ADC7-DE3892D18DF8}.Release|Any CPU.ActiveCfg = Release|Any CPU
		{7C6221C9-E425-45D6-ADC7-DE3892D18DF8}.Release|Any CPU.Build.0 = Release|Any CPU
		{7C6221C9-E425-45D6-ADC7-DE3892D18DF8}.Release|x86.ActiveCfg = Release|Any CPU
		{7C6221C9-E425-45D6-ADC7-DE3892D18DF8}.Release|x86.Build.0 = Release|Any CPU
		{3403F7DA-3C40-499E-9169-E35EA867BAB6}.Debug|Any CPU.ActiveCfg = Debug|Win32
		{3403F7DA-3C40-499E-9169-E35EA867BAB6}.Debug|x86.ActiveCfg = Debug|Win32
		{3403F7DA-3C40-499E-9169-E35EA867BAB6}.Release|Any CPU.ActiveCfg = Release|Win32
		{3403F7DA-3C40-499E-9169-E35EA867BAB6}.Release|x86.ActiveCfg = Release|Win32
		{FD2CABA6-5CF5-4102-B3A0-9098E79163AC}.Debug|Any CPU.ActiveCfg = Debug|Any CPU
		{FD2CABA6-5CF5-4102-B3A0-9098E79163AC}.Debug|Any CPU.Build.0 = Debug|Any CPU
		{FD2CABA6-5CF5-4102-B3A0-9098E79163AC}.Debug|x86.ActiveCfg = Debug|Any CPU
		{FD2CABA6-5CF5-4102-B3A0-9098E79163AC}.Debug|x86.Build.0 = Debug|Any CPU
		{FD2CABA6-5CF5-4102-B3A0-9098E79163AC}.Release|Any CPU.ActiveCfg = Release|Any CPU
		{FD2CABA6-5CF5-4102-B3A0-9098E79163AC}.Release|Any CPU.Build.0 = Release|Any CPU
		{FD2CABA6-5CF5-4102-B3A0-9098E79163AC}.Release|x86.ActiveCfg = Release|Any CPU
		{FD2CABA6-5CF5-4102-B3A0-9098E79163AC}.Release|x86.Build.0 = Release|Any CPU
	EndGlobalSection
	GlobalSection(SolutionProperties) = preSolution
		HideSolutionNode = FALSE
	EndGlobalSection
EndGlobal
