
Microsoft Visual Studio Solution File, Format Version 12.00
# Visual Studio 14
VisualStudioVersion = 14.0.25420.1
MinimumVisualStudioVersion = 10.0.40219.1
Project("{D954291E-2A0B-460D-934E-DC6B0785DB48}") = "GSharp", "GSharp\GSharp.shproj", "{0F1737C4-AF88-416B-85BB-02EE991D0434}"
EndProject
Project("{FAE04EC0-301F-11D3-BF4B-00C04F79EFBC}") = "dotnet", "dotnet\dotnet.csproj", "{A10EB464-C164-4824-8BB9-959095BA2EBE}"
EndProject
Project("{FAE04EC0-301F-11D3-BF4B-00C04F79EFBC}") = "LuaLibraryGenerator", "LuaLibraryGenerator\LuaLibraryGenerator.csproj", "{EE900193-9558-482B-B4C0-7FC67A22A953}"
EndProject
Global
	GlobalSection(SharedMSBuildProjectFiles) = preSolution
		GSharp\GSharp.projitems*{0f1737c4-af88-416b-85bb-02ee991d0434}*SharedItemsImports = 13
		GSharp\GSharp.projitems*{a10eb464-c164-4824-8bb9-959095ba2ebe}*SharedItemsImports = 4
		GSharp\GSharp.projitems*{ee900193-9558-482b-b4c0-7fc67a22a953}*SharedItemsImports = 4
	EndGlobalSection
	GlobalSection(SolutionConfigurationPlatforms) = preSolution
		Debug|x86 = Debug|x86
		Release|x86 = Release|x86
	EndGlobalSection
	GlobalSection(ProjectConfigurationPlatforms) = postSolution
		{A10EB464-C164-4824-8BB9-959095BA2EBE}.Debug|x86.ActiveCfg = Debug|Any CPU
		{A10EB464-C164-4824-8BB9-959095BA2EBE}.Debug|x86.Build.0 = Debug|Any CPU
		{A10EB464-C164-4824-8BB9-959095BA2EBE}.Release|x86.ActiveCfg = Release|Any CPU
		{A10EB464-C164-4824-8BB9-959095BA2EBE}.Release|x86.Build.0 = Release|Any CPU
		{EE900193-9558-482B-B4C0-7FC67A22A953}.Debug|x86.ActiveCfg = Debug|x86
		{EE900193-9558-482B-B4C0-7FC67A22A953}.Debug|x86.Build.0 = Debug|x86
		{EE900193-9558-482B-B4C0-7FC67A22A953}.Release|x86.ActiveCfg = Release|x86
		{EE900193-9558-482B-B4C0-7FC67A22A953}.Release|x86.Build.0 = Release|x86
	EndGlobalSection
	GlobalSection(SolutionProperties) = preSolution
		HideSolutionNode = FALSE
	EndGlobalSection
EndGlobal
